
Microsoft Visual Studio Solution File, Format Version 12.00
# Visual Studio Version 16
VisualStudioVersion = 16.0.30907.101
MinimumVisualStudioVersion = 10.0.40219.1
Project("{FAE04EC0-301F-11D3-BF4B-00C04F79EFBC}") = "BlogLab.Web", "BlogLab.Web\BlogLab.Web.csproj", "{D5AEC95B-FC29-4DEE-A773-C0EC870D8E94}"
EndProject
Global
	GlobalSection(SolutionConfigurationPlatforms) = preSolution
		Debug|Any CPU = Debug|Any CPU
		Release|Any CPU = Release|Any CPU
	EndGlobalSection
	GlobalSection(ProjectConfigurationPlatforms) = postSolution
		{D5AEC95B-FC29-4DEE-A773-C0EC870D8E94}.Debug|Any CPU.ActiveCfg = Debug|Any CPU
		{D5AEC95B-FC29-4DEE-A773-C0EC870D8E94}.Debug|Any CPU.Build.0 = Debug|Any CPU
		{D5AEC95B-FC29-4DEE-A773-C0EC870D8E94}.Release|Any CPU.ActiveCfg = Release|Any CPU
		{D5AEC95B-FC29-4DEE-A773-C0EC870D8E94}.Release|Any CPU.Build.0 = Release|Any CPU
	EndGlobalSection
	GlobalSection(SolutionProperties) = preSolution
		HideSolutionNode = FALSE
	EndGlobalSection
	GlobalSection(ExtensibilityGlobals) = postSolution
		SolutionGuid = {F866D67B-934D-40E8-AFC6-B1E51B69155E}
	EndGlobalSection
EndGlobal
